
Microsoft Visual Studio Solution File, Format Version 12.00
# Visual Studio 15
VisualStudioVersion = 15.0.26430.14
MinimumVisualStudioVersion = 10.0.40219.1
Project("{FAE04EC0-301F-11D3-BF4B-00C04F79EFBC}") = "TwoLocalGals", "TwoLocalGals\TwoLocalGals.csproj", "{8CFAF31F-C93C-49F2-A91C-A409C448EE59}"
EndProject
Project("{FAE04EC0-301F-11D3-BF4B-00C04F79EFBC}") = "TwoLocalGalsWinService", "TwoLocalGalsWinService\TwoLocalGalsWinService.csproj", "{CE1E8496-C86E-4528-BB59-9F3D7642A04B}"
EndProject
Project("{FAE04EC0-301F-11D3-BF4B-00C04F79EFBC}") = "Scramble", "Scramble\Scramble.csproj", "{48BF4BAF-DC26-4F2D-A0A6-A6233C2372AC}"
EndProject
Global
	GlobalSection(SolutionConfigurationPlatforms) = preSolution
		Debug|Any CPU = Debug|Any CPU
		Debug|Mixed Platforms = Debug|Mixed Platforms
		Debug|x86 = Debug|x86
		Release|Any CPU = Release|Any CPU
		Release|Mixed Platforms = Release|Mixed Platforms
		Release|x86 = Release|x86
	EndGlobalSection
	GlobalSection(ProjectConfigurationPlatforms) = postSolution
		{8CFAF31F-C93C-49F2-A91C-A409C448EE59}.Debug|Any CPU.ActiveCfg = Debug|Any CPU
		{8CFAF31F-C93C-49F2-A91C-A409C448EE59}.Debug|Any CPU.Build.0 = Debug|Any CPU
		{8CFAF31F-C93C-49F2-A91C-A409C448EE59}.Debug|Mixed Platforms.ActiveCfg = Debug|Any CPU
		{8CFAF31F-C93C-49F2-A91C-A409C448EE59}.Debug|Mixed Platforms.Build.0 = Debug|Any CPU
		{8CFAF31F-C93C-49F2-A91C-A409C448EE59}.Debug|x86.ActiveCfg = Debug|Any CPU
		{8CFAF31F-C93C-49F2-A91C-A409C448EE59}.Release|Any CPU.ActiveCfg = Release|Any CPU
		{8CFAF31F-C93C-49F2-A91C-A409C448EE59}.Release|Any CPU.Build.0 = Release|Any CPU
		{8CFAF31F-C93C-49F2-A91C-A409C448EE59}.Release|Mixed Platforms.ActiveCfg = Release|Any CPU
		{8CFAF31F-C93C-49F2-A91C-A409C448EE59}.Release|Mixed Platforms.Build.0 = Release|Any CPU
		{8CFAF31F-C93C-49F2-A91C-A409C448EE59}.Release|x86.ActiveCfg = Release|Any CPU
		{CE1E8496-C86E-4528-BB59-9F3D7642A04B}.Debug|Any CPU.ActiveCfg = Debug|x86
		{CE1E8496-C86E-4528-BB59-9F3D7642A04B}.Debug|Mixed Platforms.ActiveCfg = Debug|x86
		{CE1E8496-C86E-4528-BB59-9F3D7642A04B}.Debug|Mixed Platforms.Build.0 = Debug|x86
		{CE1E8496-C86E-4528-BB59-9F3D7642A04B}.Debug|x86.ActiveCfg = Debug|x86
		{CE1E8496-C86E-4528-BB59-9F3D7642A04B}.Debug|x86.Build.0 = Debug|x86
		{CE1E8496-C86E-4528-BB59-9F3D7642A04B}.Release|Any CPU.ActiveCfg = Release|x86
		{CE1E8496-C86E-4528-BB59-9F3D7642A04B}.Release|Mixed Platforms.ActiveCfg = Release|x86
		{CE1E8496-C86E-4528-BB59-9F3D7642A04B}.Release|Mixed Platforms.Build.0 = Release|x86
		{CE1E8496-C86E-4528-BB59-9F3D7642A04B}.Release|x86.ActiveCfg = Release|x86
		{CE1E8496-C86E-4528-BB59-9F3D7642A04B}.Release|x86.Build.0 = Release|x86
		{48BF4BAF-DC26-4F2D-A0A6-A6233C2372AC}.Debug|Any CPU.ActiveCfg = Debug|Any CPU
		{48BF4BAF-DC26-4F2D-A0A6-A6233C2372AC}.Debug|Any CPU.Build.0 = Debug|Any CPU
		{48BF4BAF-DC26-4F2D-A0A6-A6233C2372AC}.Debug|Mixed Platforms.ActiveCfg = Debug|Any CPU
		{48BF4BAF-DC26-4F2D-A0A6-A6233C2372AC}.Debug|Mixed Platforms.Build.0 = Debug|Any CPU
		{48BF4BAF-DC26-4F2D-A0A6-A6233C2372AC}.Debug|x86.ActiveCfg = Debug|Any CPU
		{48BF4BAF-DC26-4F2D-A0A6-A6233C2372AC}.Debug|x86.Build.0 = Debug|Any CPU
		{48BF4BAF-DC26-4F2D-A0A6-A6233C2372AC}.Release|Any CPU.ActiveCfg = Release|Any CPU
		{48BF4BAF-DC26-4F2D-A0A6-A6233C2372AC}.Release|Any CPU.Build.0 = Release|Any CPU
		{48BF4BAF-DC26-4F2D-A0A6-A6233C2372AC}.Release|Mixed Platforms.ActiveCfg = Release|Any CPU
		{48BF4BAF-DC26-4F2D-A0A6-A6233C2372AC}.Release|Mixed Platforms.Build.0 = Release|Any CPU
		{48BF4BAF-DC26-4F2D-A0A6-A6233C2372AC}.Release|x86.ActiveCfg = Release|Any CPU
		{48BF4BAF-DC26-4F2D-A0A6-A6233C2372AC}.Release|x86.Build.0 = Release|Any CPU
	EndGlobalSection
	GlobalSection(SolutionProperties) = preSolution
		HideSolutionNode = FALSE
	EndGlobalSection
EndGlobal
